
Microsoft Visual Studio Solution File, Format Version 12.00
# Visual Studio Version 17
VisualStudioVersion = 17.7.34024.191
MinimumVisualStudioVersion = 10.0.40219.1
Project("{FAE04EC0-301F-11D3-BF4B-00C04F79EFBC}") = "ConsoleAppDZ7.2", "ConsoleAppDZ7.2\ConsoleAppDZ7.2.csproj", "{F24E6769-7CDE-4E4E-B8D9-0DB5ABFACD66}"
EndProject
Global
	GlobalSection(SolutionConfigurationPlatforms) = preSolution
		Debug|Any CPU = Debug|Any CPU
		Release|Any CPU = Release|Any CPU
	EndGlobalSection
	GlobalSection(ProjectConfigurationPlatforms) = postSolution
		{F24E6769-7CDE-4E4E-B8D9-0DB5ABFACD66}.Debug|Any CPU.ActiveCfg = Debug|Any CPU
		{F24E6769-7CDE-4E4E-B8D9-0DB5ABFACD66}.Debug|Any CPU.Build.0 = Debug|Any CPU
		{F24E6769-7CDE-4E4E-B8D9-0DB5ABFACD66}.Release|Any CPU.ActiveCfg = Release|Any CPU
		{F24E6769-7CDE-4E4E-B8D9-0DB5ABFACD66}.Release|Any CPU.Build.0 = Release|Any CPU
	EndGlobalSection
	GlobalSection(SolutionProperties) = preSolution
		HideSolutionNode = FALSE
	EndGlobalSection
	GlobalSection(ExtensibilityGlobals) = postSolution
		SolutionGuid = {0622E9F8-52E3-4542-8283-687D97CC2208}
	EndGlobalSection
EndGlobal
